
Microsoft Visual Studio Solution File, Format Version 12.00
# Visual Studio Version 16
VisualStudioVersion = 16.0.30907.101
MinimumVisualStudioVersion = 10.0.40219.1
Project("{FAE04EC0-301F-11D3-BF4B-00C04F79EFBC}") = "CPSC1012-Exercise06-Youngjae Lee", "CPSC1012-Exercise06-Youngjae Lee\CPSC1012-Exercise06-Youngjae Lee.csproj", "{BD8AD687-8D5B-44E3-A858-BAAE6EB040F0}"
EndProject
Global
	GlobalSection(SolutionConfigurationPlatforms) = preSolution
		Debug|Any CPU = Debug|Any CPU
		Release|Any CPU = Release|Any CPU
	EndGlobalSection
	GlobalSection(ProjectConfigurationPlatforms) = postSolution
		{BD8AD687-8D5B-44E3-A858-BAAE6EB040F0}.Debug|Any CPU.ActiveCfg = Debug|Any CPU
		{BD8AD687-8D5B-44E3-A858-BAAE6EB040F0}.Debug|Any CPU.Build.0 = Debug|Any CPU
		{BD8AD687-8D5B-44E3-A858-BAAE6EB040F0}.Release|Any CPU.ActiveCfg = Release|Any CPU
		{BD8AD687-8D5B-44E3-A858-BAAE6EB040F0}.Release|Any CPU.Build.0 = Release|Any CPU
	EndGlobalSection
	GlobalSection(SolutionProperties) = preSolution
		HideSolutionNode = FALSE
	EndGlobalSection
	GlobalSection(ExtensibilityGlobals) = postSolution
		SolutionGuid = {02E7CD26-3609-41B8-8B76-BA7D2AC5DDD4}
	EndGlobalSection
EndGlobal
